
Microsoft Visual Studio Solution File, Format Version 12.00
# Visual Studio 15
VisualStudioVersion = 15.0.27130.2026
MinimumVisualStudioVersion = 10.0.40219.1
Project("{FAE04EC0-301F-11D3-BF4B-00C04F79EFBC}") = "App1", "App1\App1.csproj", "{682D9444-4A0F-40A6-A4C9-14DCC3122F0A}"
EndProject
Global
	GlobalSection(SolutionConfigurationPlatforms) = preSolution
		Debug|ARM = Debug|ARM
		Debug|x64 = Debug|x64
		Debug|x86 = Debug|x86
		Release|ARM = Release|ARM
		Release|x64 = Release|x64
		Release|x86 = Release|x86
	EndGlobalSection
	GlobalSection(ProjectConfigurationPlatforms) = postSolution
		{682D9444-4A0F-40A6-A4C9-14DCC3122F0A}.Debug|ARM.ActiveCfg = Debug|ARM
		{682D9444-4A0F-40A6-A4C9-14DCC3122F0A}.Debug|ARM.Build.0 = Debug|ARM
		{682D9444-4A0F-40A6-A4C9-14DCC3122F0A}.Debug|ARM.Deploy.0 = Debug|ARM
		{682D9444-4A0F-40A6-A4C9-14DCC3122F0A}.Debug|x64.ActiveCfg = Debug|x64
		{682D9444-4A0F-40A6-A4C9-14DCC3122F0A}.Debug|x64.Build.0 = Debug|x64
		{682D9444-4A0F-40A6-A4C9-14DCC3122F0A}.Debug|x64.Deploy.0 = Debug|x64
		{682D9444-4A0F-40A6-A4C9-14DCC3122F0A}.Debug|x86.ActiveCfg = Debug|x86
		{682D9444-4A0F-40A6-A4C9-14DCC3122F0A}.Debug|x86.Build.0 = Debug|x86
		{682D9444-4A0F-40A6-A4C9-14DCC3122F0A}.Debug|x86.Deploy.0 = Debug|x86
		{682D9444-4A0F-40A6-A4C9-14DCC3122F0A}.Release|ARM.ActiveCfg = Release|ARM
		{682D9444-4A0F-40A6-A4C9-14DCC3122F0A}.Release|ARM.Build.0 = Release|ARM
		{682D9444-4A0F-40A6-A4C9-14DCC3122F0A}.Release|ARM.Deploy.0 = Release|ARM
		{682D9444-4A0F-40A6-A4C9-14DCC3122F0A}.Release|x64.ActiveCfg = Release|x64
		{682D9444-4A0F-40A6-A4C9-14DCC3122F0A}.Release|x64.Build.0 = Release|x64
		{682D9444-4A0F-40A6-A4C9-14DCC3122F0A}.Release|x64.Deploy.0 = Release|x64
		{682D9444-4A0F-40A6-A4C9-14DCC3122F0A}.Release|x86.ActiveCfg = Release|x86
		{682D9444-4A0F-40A6-A4C9-14DCC3122F0A}.Release|x86.Build.0 = Release|x86
		{682D9444-4A0F-40A6-A4C9-14DCC3122F0A}.Release|x86.Deploy.0 = Release|x86
	EndGlobalSection
	GlobalSection(SolutionProperties) = preSolution
		HideSolutionNode = FALSE
	EndGlobalSection
	GlobalSection(ExtensibilityGlobals) = postSolution
		SolutionGuid = {D83AABFD-A920-4251-AE63-21B1436BF827}
	EndGlobalSection
EndGlobal
